
Microsoft Visual Studio Solution File, Format Version 12.00
# Visual Studio Version 16
VisualStudioVersion = 16.0.29215.179
MinimumVisualStudioVersion = 10.0.40219.1
Project("{FAE04EC0-301F-11D3-BF4B-00C04F79EFBC}") = "Capstone5MVC", "Capstone5MVC\Capstone5MVC.csproj", "{0252EFA7-292F-455A-8B99-C257ADCA5D7C}"
EndProject
Global
	GlobalSection(SolutionConfigurationPlatforms) = preSolution
		Debug|Any CPU = Debug|Any CPU
		Release|Any CPU = Release|Any CPU
	EndGlobalSection
	GlobalSection(ProjectConfigurationPlatforms) = postSolution
		{0252EFA7-292F-455A-8B99-C257ADCA5D7C}.Debug|Any CPU.ActiveCfg = Debug|Any CPU
		{0252EFA7-292F-455A-8B99-C257ADCA5D7C}.Debug|Any CPU.Build.0 = Debug|Any CPU
		{0252EFA7-292F-455A-8B99-C257ADCA5D7C}.Release|Any CPU.ActiveCfg = Release|Any CPU
		{0252EFA7-292F-455A-8B99-C257ADCA5D7C}.Release|Any CPU.Build.0 = Release|Any CPU
	EndGlobalSection
	GlobalSection(SolutionProperties) = preSolution
		HideSolutionNode = FALSE
	EndGlobalSection
	GlobalSection(ExtensibilityGlobals) = postSolution
		SolutionGuid = {6646A596-FA90-486B-8590-202FCED8E394}
	EndGlobalSection
EndGlobal
